
Microsoft Visual Studio Solution File, Format Version 12.00
# Visual Studio Version 17
VisualStudioVersion = 17.8.34408.163
MinimumVisualStudioVersion = 10.0.40219.1
Project("{9A19103F-16F7-4668-BE54-9A1E7A4F7556}") = "Calendar", "1. Clients\Calendar\Calendar.csproj", "{3E1540B7-6FE7-4CDF-A853-F604AF0EF994}"
EndProject
Project("{2150E333-8FDC-42A3-9474-1A3956D46DE8}") = "1. Clients", "1. Clients", "{80905ADF-2C09-45FD-8738-176E32B6635C}"
EndProject
Project("{2150E333-8FDC-42A3-9474-1A3956D46DE8}") = "2. Managers", "2. Managers", "{AF98E62C-2162-4E11-82D3-DE5CDA430136}"
EndProject
Project("{2150E333-8FDC-42A3-9474-1A3956D46DE8}") = "3. Engines", "3. Engines", "{4001F26C-E365-4D0F-A847-1692932CD85A}"
EndProject
Project("{2150E333-8FDC-42A3-9474-1A3956D46DE8}") = "4. Accessors", "4. Accessors", "{9AC4A523-E110-44F4-8C70-A4CB4A30FEC1}"
EndProject
Project("{2150E333-8FDC-42A3-9474-1A3956D46DE8}") = "5. Utilities", "5. Utilities", "{0DC8FBE1-12E7-4AB2-A5AA-23AFEE9CF70E}"
EndProject
Project("{2150E333-8FDC-42A3-9474-1A3956D46DE8}") = "6. Tests", "6. Tests", "{FDBF50BE-BB75-4A5D-8400-D144E793ACD4}"
EndProject
Project("{2150E333-8FDC-42A3-9474-1A3956D46DE8}") = "_Documentation", "_Documentation", "{EE70F01D-C153-41FE-9A99-43E9F9153345}"
	ProjectSection(SolutionItems) = preProject
		_Documentation\README.md = _Documentation\README.md
	EndProjectSection
EndProject
Global
	GlobalSection(SolutionConfigurationPlatforms) = preSolution
		Debug|Any CPU = Debug|Any CPU
		Release|Any CPU = Release|Any CPU
	EndGlobalSection
	GlobalSection(ProjectConfigurationPlatforms) = postSolution
		{3E1540B7-6FE7-4CDF-A853-F604AF0EF994}.Debug|Any CPU.ActiveCfg = Debug|Any CPU
		{3E1540B7-6FE7-4CDF-A853-F604AF0EF994}.Debug|Any CPU.Build.0 = Debug|Any CPU
		{3E1540B7-6FE7-4CDF-A853-F604AF0EF994}.Release|Any CPU.ActiveCfg = Release|Any CPU
		{3E1540B7-6FE7-4CDF-A853-F604AF0EF994}.Release|Any CPU.Build.0 = Release|Any CPU
	EndGlobalSection
	GlobalSection(SolutionProperties) = preSolution
		HideSolutionNode = FALSE
	EndGlobalSection
	GlobalSection(NestedProjects) = preSolution
		{3E1540B7-6FE7-4CDF-A853-F604AF0EF994} = {80905ADF-2C09-45FD-8738-176E32B6635C}
	EndGlobalSection
	GlobalSection(ExtensibilityGlobals) = postSolution
		SolutionGuid = {9E392800-BFE1-4338-AD27-36248CAC5EDF}
	EndGlobalSection
EndGlobal
