
Microsoft Visual Studio Solution File, Format Version 12.00
# Visual Studio Version 17
VisualStudioVersion = 17.8.34408.163
MinimumVisualStudioVersion = 10.0.40219.1
Project("{9A19103F-16F7-4668-BE54-9A1E7A4F7556}") = "Calendar", "1. Clients\Calendar\Calendar.csproj", "{3E1540B7-6FE7-4CDF-A853-F604AF0EF994}"
EndProject
Project("{2150E333-8FDC-42A3-9474-1A3956D46DE8}") = "1. Clients", "1. Clients", "{80905ADF-2C09-45FD-8738-176E32B6635C}"
EndProject
Project("{2150E333-8FDC-42A3-9474-1A3956D46DE8}") = "2. Managers", "2. Managers", "{AF98E62C-2162-4E11-82D3-DE5CDA430136}"
EndProject
Project("{2150E333-8FDC-42A3-9474-1A3956D46DE8}") = "3. Engines", "3. Engines", "{4001F26C-E365-4D0F-A847-1692932CD85A}"
EndProject
Project("{2150E333-8FDC-42A3-9474-1A3956D46DE8}") = "4. Accessors", "4. Accessors", "{9AC4A523-E110-44F4-8C70-A4CB4A30FEC1}"
EndProject
Project("{2150E333-8FDC-42A3-9474-1A3956D46DE8}") = "5. Utilities", "5. Utilities", "{0DC8FBE1-12E7-4AB2-A5AA-23AFEE9CF70E}"
EndProject
Project("{2150E333-8FDC-42A3-9474-1A3956D46DE8}") = "6. Tests", "6. Tests", "{FDBF50BE-BB75-4A5D-8400-D144E793ACD4}"
EndProject
Project("{2150E333-8FDC-42A3-9474-1A3956D46DE8}") = "_Documentation", "_Documentation", "{EE70F01D-C153-41FE-9A99-43E9F9153345}"
	ProjectSection(SolutionItems) = preProject
		_Documentation\README.md = _Documentation\README.md
	EndProjectSection
EndProject
Project("{FAE04EC0-301F-11D3-BF4B-00C04F79EFBC}") = "Calendar.Managers", "2. Managers\Calendar.Managers\Calendar.Managers.csproj", "{B2DD0EB5-505F-40AE-8E6C-2421E41F02CB}"
EndProject
Project("{FAE04EC0-301F-11D3-BF4B-00C04F79EFBC}") = "Calendar.Engines", "3. Engines\Calendar.Engines\Calendar.Engines.csproj", "{3363D60F-CB30-4E65-9D54-11CA6026A479}"
EndProject
Project("{FAE04EC0-301F-11D3-BF4B-00C04F79EFBC}") = "Calendar.Accessors", "4. Accessors\Calendar.Accessors\Calendar.Accessors.csproj", "{CDBBDDA3-5B3C-42B7-8417-E01714ABDF91}"
EndProject
Project("{FAE04EC0-301F-11D3-BF4B-00C04F79EFBC}") = "Calendar.Utilities", "5. Utilities\Calendar.Utilities\Calendar.Utilities.csproj", "{A3C50A2C-4406-4DA5-9A9F-5D51B1A65441}"
EndProject
Project("{FAE04EC0-301F-11D3-BF4B-00C04F79EFBC}") = "Calendar.Clients.Tests", "6. Tests\Calendar.Clients.Tests\Calendar.Clients.Tests.csproj", "{D837BE02-78EE-4C41-B957-2804E54952D3}"
EndProject
Project("{FAE04EC0-301F-11D3-BF4B-00C04F79EFBC}") = "Calendar.Managers.Tests", "6. Tests\Calendar.Managers.Tests\Calendar.Managers.Tests.csproj", "{9E59F29B-1D1D-49F7-B060-076A5F8987BA}"
EndProject
Project("{FAE04EC0-301F-11D3-BF4B-00C04F79EFBC}") = "Calendar.Engines.Tests", "6. Tests\Calendar.Engines.Tests\Calendar.Engines.Tests.csproj", "{AA36A6C9-F0F9-41ED-B86B-907FEFAC53CC}"
EndProject
Project("{FAE04EC0-301F-11D3-BF4B-00C04F79EFBC}") = "Calendar.Accessors.Tests", "6. Tests\Calendar.Accessors.Tests\Calendar.Accessors.Tests.csproj", "{3667FC69-0E27-4325-AA11-2F5794CC69B5}"
EndProject
Global
	GlobalSection(SolutionConfigurationPlatforms) = preSolution
		Debug|Any CPU = Debug|Any CPU
		Release|Any CPU = Release|Any CPU
	EndGlobalSection
	GlobalSection(ProjectConfigurationPlatforms) = postSolution
		{3E1540B7-6FE7-4CDF-A853-F604AF0EF994}.Debug|Any CPU.ActiveCfg = Debug|Any CPU
		{3E1540B7-6FE7-4CDF-A853-F604AF0EF994}.Debug|Any CPU.Build.0 = Debug|Any CPU
		{3E1540B7-6FE7-4CDF-A853-F604AF0EF994}.Release|Any CPU.ActiveCfg = Release|Any CPU
		{3E1540B7-6FE7-4CDF-A853-F604AF0EF994}.Release|Any CPU.Build.0 = Release|Any CPU
		{B2DD0EB5-505F-40AE-8E6C-2421E41F02CB}.Debug|Any CPU.ActiveCfg = Debug|Any CPU
		{B2DD0EB5-505F-40AE-8E6C-2421E41F02CB}.Debug|Any CPU.Build.0 = Debug|Any CPU
		{B2DD0EB5-505F-40AE-8E6C-2421E41F02CB}.Release|Any CPU.ActiveCfg = Release|Any CPU
		{B2DD0EB5-505F-40AE-8E6C-2421E41F02CB}.Release|Any CPU.Build.0 = Release|Any CPU
		{3363D60F-CB30-4E65-9D54-11CA6026A479}.Debug|Any CPU.ActiveCfg = Debug|Any CPU
		{3363D60F-CB30-4E65-9D54-11CA6026A479}.Debug|Any CPU.Build.0 = Debug|Any CPU
		{3363D60F-CB30-4E65-9D54-11CA6026A479}.Release|Any CPU.ActiveCfg = Release|Any CPU
		{3363D60F-CB30-4E65-9D54-11CA6026A479}.Release|Any CPU.Build.0 = Release|Any CPU
		{CDBBDDA3-5B3C-42B7-8417-E01714ABDF91}.Debug|Any CPU.ActiveCfg = Debug|Any CPU
		{CDBBDDA3-5B3C-42B7-8417-E01714ABDF91}.Debug|Any CPU.Build.0 = Debug|Any CPU
		{CDBBDDA3-5B3C-42B7-8417-E01714ABDF91}.Release|Any CPU.ActiveCfg = Release|Any CPU
		{CDBBDDA3-5B3C-42B7-8417-E01714ABDF91}.Release|Any CPU.Build.0 = Release|Any CPU
		{A3C50A2C-4406-4DA5-9A9F-5D51B1A65441}.Debug|Any CPU.ActiveCfg = Debug|Any CPU
		{A3C50A2C-4406-4DA5-9A9F-5D51B1A65441}.Debug|Any CPU.Build.0 = Debug|Any CPU
		{A3C50A2C-4406-4DA5-9A9F-5D51B1A65441}.Release|Any CPU.ActiveCfg = Release|Any CPU
		{A3C50A2C-4406-4DA5-9A9F-5D51B1A65441}.Release|Any CPU.Build.0 = Release|Any CPU
		{D837BE02-78EE-4C41-B957-2804E54952D3}.Debug|Any CPU.ActiveCfg = Debug|Any CPU
		{D837BE02-78EE-4C41-B957-2804E54952D3}.Debug|Any CPU.Build.0 = Debug|Any CPU
		{D837BE02-78EE-4C41-B957-2804E54952D3}.Release|Any CPU.ActiveCfg = Release|Any CPU
		{D837BE02-78EE-4C41-B957-2804E54952D3}.Release|Any CPU.Build.0 = Release|Any CPU
		{9E59F29B-1D1D-49F7-B060-076A5F8987BA}.Debug|Any CPU.ActiveCfg = Debug|Any CPU
		{9E59F29B-1D1D-49F7-B060-076A5F8987BA}.Debug|Any CPU.Build.0 = Debug|Any CPU
		{9E59F29B-1D1D-49F7-B060-076A5F8987BA}.Release|Any CPU.ActiveCfg = Release|Any CPU
		{9E59F29B-1D1D-49F7-B060-076A5F8987BA}.Release|Any CPU.Build.0 = Release|Any CPU
		{AA36A6C9-F0F9-41ED-B86B-907FEFAC53CC}.Debug|Any CPU.ActiveCfg = Debug|Any CPU
		{AA36A6C9-F0F9-41ED-B86B-907FEFAC53CC}.Debug|Any CPU.Build.0 = Debug|Any CPU
		{AA36A6C9-F0F9-41ED-B86B-907FEFAC53CC}.Release|Any CPU.ActiveCfg = Release|Any CPU
		{AA36A6C9-F0F9-41ED-B86B-907FEFAC53CC}.Release|Any CPU.Build.0 = Release|Any CPU
		{3667FC69-0E27-4325-AA11-2F5794CC69B5}.Debug|Any CPU.ActiveCfg = Debug|Any CPU
		{3667FC69-0E27-4325-AA11-2F5794CC69B5}.Debug|Any CPU.Build.0 = Debug|Any CPU
		{3667FC69-0E27-4325-AA11-2F5794CC69B5}.Release|Any CPU.ActiveCfg = Release|Any CPU
		{3667FC69-0E27-4325-AA11-2F5794CC69B5}.Release|Any CPU.Build.0 = Release|Any CPU
	EndGlobalSection
	GlobalSection(SolutionProperties) = preSolution
		HideSolutionNode = FALSE
	EndGlobalSection
	GlobalSection(NestedProjects) = preSolution
		{3E1540B7-6FE7-4CDF-A853-F604AF0EF994} = {80905ADF-2C09-45FD-8738-176E32B6635C}
		{B2DD0EB5-505F-40AE-8E6C-2421E41F02CB} = {AF98E62C-2162-4E11-82D3-DE5CDA430136}
		{3363D60F-CB30-4E65-9D54-11CA6026A479} = {4001F26C-E365-4D0F-A847-1692932CD85A}
		{CDBBDDA3-5B3C-42B7-8417-E01714ABDF91} = {9AC4A523-E110-44F4-8C70-A4CB4A30FEC1}
		{A3C50A2C-4406-4DA5-9A9F-5D51B1A65441} = {0DC8FBE1-12E7-4AB2-A5AA-23AFEE9CF70E}
		{D837BE02-78EE-4C41-B957-2804E54952D3} = {FDBF50BE-BB75-4A5D-8400-D144E793ACD4}
		{9E59F29B-1D1D-49F7-B060-076A5F8987BA} = {FDBF50BE-BB75-4A5D-8400-D144E793ACD4}
		{AA36A6C9-F0F9-41ED-B86B-907FEFAC53CC} = {FDBF50BE-BB75-4A5D-8400-D144E793ACD4}
		{3667FC69-0E27-4325-AA11-2F5794CC69B5} = {FDBF50BE-BB75-4A5D-8400-D144E793ACD4}
	EndGlobalSection
	GlobalSection(ExtensibilityGlobals) = postSolution
		SolutionGuid = {9E392800-BFE1-4338-AD27-36248CAC5EDF}
	EndGlobalSection
EndGlobal
